
Microsoft Visual Studio Solution File, Format Version 12.00
# Visual Studio 15
VisualStudioVersion = 15.0.26124.0
MinimumVisualStudioVersion = 15.0.26124.0
Project("{2150E333-8FDC-42A3-9474-1A3956D46DE8}") = "src", "src", "{45DDA3A7-A988-4CB0-A27C-8E76AA8F2FDC}"
EndProject
Project("{FAE04EC0-301F-11D3-BF4B-00C04F79EFBC}") = "GradeBook", "src\GradeBook\GradeBook.csproj", "{EAC0D929-8612-4010-AA32-F5864F7AECD2}"
EndProject
Project("{2150E333-8FDC-42A3-9474-1A3956D46DE8}") = "test", "test", "{0E1769F3-F694-4377-A6DC-DE64092532B1}"
EndProject
Project("{FAE04EC0-301F-11D3-BF4B-00C04F79EFBC}") = "GradeBook.Tests", "test\GradeBook.Tests\GradeBook.Tests.csproj", "{3DD210A9-51FD-4FEE-97D4-484DF47A0B7C}"
EndProject
Global
	GlobalSection(SolutionConfigurationPlatforms) = preSolution
		Debug|Any CPU = Debug|Any CPU
		Debug|x64 = Debug|x64
		Debug|x86 = Debug|x86
		Release|Any CPU = Release|Any CPU
		Release|x64 = Release|x64
		Release|x86 = Release|x86
	EndGlobalSection
	GlobalSection(SolutionProperties) = preSolution
		HideSolutionNode = FALSE
	EndGlobalSection
	GlobalSection(ProjectConfigurationPlatforms) = postSolution
		{EAC0D929-8612-4010-AA32-F5864F7AECD2}.Debug|Any CPU.ActiveCfg = Debug|Any CPU
		{EAC0D929-8612-4010-AA32-F5864F7AECD2}.Debug|Any CPU.Build.0 = Debug|Any CPU
		{EAC0D929-8612-4010-AA32-F5864F7AECD2}.Debug|x64.ActiveCfg = Debug|Any CPU
		{EAC0D929-8612-4010-AA32-F5864F7AECD2}.Debug|x64.Build.0 = Debug|Any CPU
		{EAC0D929-8612-4010-AA32-F5864F7AECD2}.Debug|x86.ActiveCfg = Debug|Any CPU
		{EAC0D929-8612-4010-AA32-F5864F7AECD2}.Debug|x86.Build.0 = Debug|Any CPU
		{EAC0D929-8612-4010-AA32-F5864F7AECD2}.Release|Any CPU.ActiveCfg = Release|Any CPU
		{EAC0D929-8612-4010-AA32-F5864F7AECD2}.Release|Any CPU.Build.0 = Release|Any CPU
		{EAC0D929-8612-4010-AA32-F5864F7AECD2}.Release|x64.ActiveCfg = Release|Any CPU
		{EAC0D929-8612-4010-AA32-F5864F7AECD2}.Release|x64.Build.0 = Release|Any CPU
		{EAC0D929-8612-4010-AA32-F5864F7AECD2}.Release|x86.ActiveCfg = Release|Any CPU
		{EAC0D929-8612-4010-AA32-F5864F7AECD2}.Release|x86.Build.0 = Release|Any CPU
		{3DD210A9-51FD-4FEE-97D4-484DF47A0B7C}.Debug|Any CPU.ActiveCfg = Debug|Any CPU
		{3DD210A9-51FD-4FEE-97D4-484DF47A0B7C}.Debug|Any CPU.Build.0 = Debug|Any CPU
		{3DD210A9-51FD-4FEE-97D4-484DF47A0B7C}.Debug|x64.ActiveCfg = Debug|Any CPU
		{3DD210A9-51FD-4FEE-97D4-484DF47A0B7C}.Debug|x64.Build.0 = Debug|Any CPU
		{3DD210A9-51FD-4FEE-97D4-484DF47A0B7C}.Debug|x86.ActiveCfg = Debug|Any CPU
		{3DD210A9-51FD-4FEE-97D4-484DF47A0B7C}.Debug|x86.Build.0 = Debug|Any CPU
		{3DD210A9-51FD-4FEE-97D4-484DF47A0B7C}.Release|Any CPU.ActiveCfg = Release|Any CPU
		{3DD210A9-51FD-4FEE-97D4-484DF47A0B7C}.Release|Any CPU.Build.0 = Release|Any CPU
		{3DD210A9-51FD-4FEE-97D4-484DF47A0B7C}.Release|x64.ActiveCfg = Release|Any CPU
		{3DD210A9-51FD-4FEE-97D4-484DF47A0B7C}.Release|x64.Build.0 = Release|Any CPU
		{3DD210A9-51FD-4FEE-97D4-484DF47A0B7C}.Release|x86.ActiveCfg = Release|Any CPU
		{3DD210A9-51FD-4FEE-97D4-484DF47A0B7C}.Release|x86.Build.0 = Release|Any CPU
	EndGlobalSection
	GlobalSection(NestedProjects) = preSolution
		{EAC0D929-8612-4010-AA32-F5864F7AECD2} = {45DDA3A7-A988-4CB0-A27C-8E76AA8F2FDC}
		{3DD210A9-51FD-4FEE-97D4-484DF47A0B7C} = {0E1769F3-F694-4377-A6DC-DE64092532B1}
	EndGlobalSection
EndGlobal
